
Microsoft Visual Studio Solution File, Format Version 12.00
# Visual Studio 2013
VisualStudioVersion = 12.0.31101.0
MinimumVisualStudioVersion = 10.0.40219.1
Project("{FAE04EC0-301F-11D3-BF4B-00C04F79EFBC}") = "DSLNG.PEAR.API", "DSLNG.PEAR.API\DSLNG.PEAR.API.csproj", "{ED9080F6-BEB6-4230-8B60-EAD17182F0BA}"
EndProject
Project("{FAE04EC0-301F-11D3-BF4B-00C04F79EFBC}") = "DSLNG.PEAR.API.Tests", "DSLNG.PEAR.API.Tests\DSLNG.PEAR.API.Tests.csproj", "{A7DDFB77-BC3F-435A-A706-0BD1539BA555}"
EndProject
Global
	GlobalSection(SolutionConfigurationPlatforms) = preSolution
		Debug|Any CPU = Debug|Any CPU
		Release|Any CPU = Release|Any CPU
	EndGlobalSection
	GlobalSection(ProjectConfigurationPlatforms) = postSolution
		{ED9080F6-BEB6-4230-8B60-EAD17182F0BA}.Debug|Any CPU.ActiveCfg = Debug|Any CPU
		{ED9080F6-BEB6-4230-8B60-EAD17182F0BA}.Debug|Any CPU.Build.0 = Debug|Any CPU
		{ED9080F6-BEB6-4230-8B60-EAD17182F0BA}.Release|Any CPU.ActiveCfg = Release|Any CPU
		{ED9080F6-BEB6-4230-8B60-EAD17182F0BA}.Release|Any CPU.Build.0 = Release|Any CPU
		{A7DDFB77-BC3F-435A-A706-0BD1539BA555}.Debug|Any CPU.ActiveCfg = Debug|Any CPU
		{A7DDFB77-BC3F-435A-A706-0BD1539BA555}.Debug|Any CPU.Build.0 = Debug|Any CPU
		{A7DDFB77-BC3F-435A-A706-0BD1539BA555}.Release|Any CPU.ActiveCfg = Release|Any CPU
		{A7DDFB77-BC3F-435A-A706-0BD1539BA555}.Release|Any CPU.Build.0 = Release|Any CPU
	EndGlobalSection
	GlobalSection(SolutionProperties) = preSolution
		HideSolutionNode = FALSE
	EndGlobalSection
EndGlobal
